{
  "name": "nodejs",
  "version": "1.0.0",
  "lockfileVersion": 2,
  "requires": true,
  "packages": {
    "": {
      "name": "nodejs",
      "version": "1.0.0",
      "license": "ISC",
      "dependencies": {
        "@types/node": "^18.0.6",
        "core-js": "^3.40.0"
      }
    },
    "node_modules/@types/node": {
      "version": "18.0.6",
      "resolved": "https://registry.npmjs.org/@types/node/-/node-18.0.6.tgz",
      "integrity": "sha512-/xUq6H2aQm261exT6iZTMifUySEt4GR5KX8eYyY+C4MSNPqSh9oNIP7tz2GLKTlFaiBbgZNxffoR3CVRG+cljw=="
    },
    "node_modules/core-js": {
      "version": "3.40.0",
      "resolved": "https://registry.npmjs.org/core-js/-/core-js-3.40.0.tgz",
      "integrity": "sha512-7vsMc/Lty6AGnn7uFpYT56QesI5D2Y/UkgKounk87OP9Z2H9Z8kj6jzcSGAxFmUtDOS0ntK6lbQz+Nsa0Jj6mQ==",
      "hasInstallScript": true,
      "license": "MIT",
      "funding": {
        "type": "opencollective",
        "url": "https://opencollective.com/core-js"
      }
    }
  },
  "dependencies": {
    "@types/node": {
      "version": "18.0.6",
      "resolved": "https://registry.npmjs.org/@types/node/-/node-18.0.6.tgz",
      "integrity": "sha512-/xUq6H2aQm261exT6iZTMifUySEt4GR5KX8eYyY+C4MSNPqSh9oNIP7tz2GLKTlFaiBbgZNxffoR3CVRG+cljw=="
    },
    "core-js": {
      "version": "3.40.0",
      "resolved": "https://registry.npmjs.org/core-js/-/core-js-3.40.0.tgz",
      "integrity": "sha512-7vsMc/Lty6AGnn7uFpYT56QesI5D2Y/UkgKounk87OP9Z2H9Z8kj6jzcSGAxFmUtDOS0ntK6lbQz+Nsa0Jj6mQ=="
    }
  }
}
